// !$*UTF8*$!
{
	archiveVersion = 1;
	classes = {
	};
	objectVersion = 46;
	objects = {
/* Begin PBXBuildFile section */
		0207DA581B56EA530066E2B4 /* Images.xcassets in Resources */ = {isa = PBXBuildFile; fileRef = 0207DA571B56EA530066E2B4 /* Images.xcassets */; };
		1D3623260D0F684500981E51 /* AppDelegate.m in Sources */ = {isa = PBXBuildFile; fileRef = 1D3623250D0F684500981E51 /* AppDelegate.m */; };
		1D60589B0D05DD56006BFB54 /* main.m in Sources */ = {isa = PBXBuildFile; fileRef = 29B97316FDCFA39411CA2CEA /* main.m */; };
		301BF552109A68D80062928A /* libCordova.a in Frameworks */ = {isa = PBXBuildFile; fileRef = 301BF535109A57CC0062928A /* libCordova.a */; };
		302D95F114D2391D003F00A1 /* MainViewController.m in Sources */ = {isa = PBXBuildFile; fileRef = 302D95EF14D2391D003F00A1 /* MainViewController.m */; };
		302D95F214D2391D003F00A1 /* MainViewController.xib in Resources */ = {isa = PBXBuildFile; fileRef = 302D95F014D2391D003F00A1 /* MainViewController.xib */; };
		3047A5121AB8059700498E2A /* build-debug.xcconfig in Resources */ = {isa = PBXBuildFile; fileRef = 3047A50F1AB8059700498E2A /* build-debug.xcconfig */; };
		3047A5131AB8059700498E2A /* build-release.xcconfig in Resources */ = {isa = PBXBuildFile; fileRef = 3047A5101AB8059700498E2A /* build-release.xcconfig */; };
		3047A5141AB8059700498E2A /* build.xcconfig in Resources */ = {isa = PBXBuildFile; fileRef = 3047A5111AB8059700498E2A /* build.xcconfig */; };
		6AFF5BF91D6E424B00AB3073 /* CDVLaunchScreen.storyboard in Resources */ = {isa = PBXBuildFile; fileRef = 6AFF5BF81D6E424B00AB3073 /* CDVLaunchScreen.storyboard */; };
		6D8F20317588460F89754209 /* WTWikitudePlugin.m in Sources */ = {isa = PBXBuildFile; fileRef = 79CFC719407D4138B9E1C10B /* WTWikitudePlugin.m */; };
		76CC7CC508D7426C8858D531 /* WTARViewController.m in Sources */ = {isa = PBXBuildFile; fileRef = 2409AD7704E149AA90B7FCF9 /* WTARViewController.m */; };
		BA05787237824BE8B3248633 /* libWikitudeSDK.a in Frameworks */ = {isa = PBXBuildFile; fileRef = 9458A8C893BA46B090C922C4 /* libWikitudeSDK.a */; };
		8A63E2E5DCC6482A94525EDA /* libWikitudeSDK-simulator.a in Frameworks */ = {isa = PBXBuildFile; fileRef = 91401D4807E146DF8D60EBC2 /* libWikitudeSDK-simulator.a */; };
		ADD869ABFEDA409BA4E888FC /* Accelerate.framework in Frameworks */ = {isa = PBXBuildFile; fileRef = B3311B7D809E42B79F556FA4 /* Accelerate.framework */; };
		BBE741031DE24181A09D630E /* AVFoundation.framework in Frameworks */ = {isa = PBXBuildFile; fileRef = 78580DD02B8345E3B64686BB /* AVFoundation.framework */; };
		E3A2C9FA119F41B88E47E2E1 /* AVKit.framework in Frameworks */ = {isa = PBXBuildFile; fileRef = ED6AFED54B984BCEA5E26959 /* AVKit.framework */; };
		396DC3CA6B69400C9670702A /* CFNetwork.framework in Frameworks */ = {isa = PBXBuildFile; fileRef = A210E293F1D64171869A122D /* CFNetwork.framework */; };
		3CFC1AC8D6D54934AD094E81 /* CoreLocation.framework in Frameworks */ = {isa = PBXBuildFile; fileRef = DBF9730DE0EE40E48F454BF3 /* CoreLocation.framework */; };
		9D98BDD8544940FA97AF5525 /* CoreMedia.framework in Frameworks */ = {isa = PBXBuildFile; fileRef = 8D9CA70379E749FF804CEA91 /* CoreMedia.framework */; };
		3C80546D9ACE45D88919C460 /* CoreMotion.framework in Frameworks */ = {isa = PBXBuildFile; fileRef = 15EA202733F8428C8ABE8533 /* CoreMotion.framework */; };
		519188612061454EBD67388B /* CoreText.framework in Frameworks */ = {isa = PBXBuildFile; fileRef = F760BFE5A5D040F3BD291D85 /* CoreText.framework */; };
		A505F3B1C1BF4B7CAFF8A348 /* CoreVideo.framework in Frameworks */ = {isa = PBXBuildFile; fileRef = C3D5F73A2D0E493785E19F8D /* CoreVideo.framework */; };
		8519343F97F6428BA7D169A2 /* Foundation.framework in Frameworks */ = {isa = PBXBuildFile; fileRef = 2DF32889E42C465784D08F41 /* Foundation.framework */; };
		AD467EE37B644657B8584E18 /* MediaPlayer.framework in Frameworks */ = {isa = PBXBuildFile; fileRef = 215CA2973D3546DB841963D5 /* MediaPlayer.framework */; };
		F67ED12325DC4890AF032EAD /* OpenGLES.framework in Frameworks */ = {isa = PBXBuildFile; fileRef = A42EE5F109EF4215A441A23C /* OpenGLES.framework */; };
		F3BEDFF07A344EC2A3C2CC3D /* Photos.framework in Frameworks */ = {isa = PBXBuildFile; fileRef = 315B3BBA3E384F7CB9F23400 /* Photos.framework */; };
		B16F123A51A94C0B94B3D947 /* QuartzCore.framework in Frameworks */ = {isa = PBXBuildFile; fileRef = 09AE8493B4504A44ACC6121C /* QuartzCore.framework */; };
		D95C1B0D24534103BB86476A /* SafariServices.framework in Frameworks */ = {isa = PBXBuildFile; fileRef = 5A0AB866EBA44DE3AEF5D6CD /* SafariServices.framework */; };
		85237867D5674DD9BF6705EA /* Security.framework in Frameworks */ = {isa = PBXBuildFile; fileRef = 65B57C3CD84B4285948574B0 /* Security.framework */; };
		63F5B7747EF8426688E48536 /* SystemConfiguration.framework in Frameworks */ = {isa = PBXBuildFile; fileRef = 8824EE286CA74B479429BC4D /* SystemConfiguration.framework */; };
		B3D8820CC6344796A5E6677D /* UIKit.framework in Frameworks */ = {isa = PBXBuildFile; fileRef = F06561D4C2F54E08A935104A /* UIKit.framework */; };
		7C9BBA428B014CC98D0A8FB5 /* libc++.dylib in Frameworks */ = {isa = PBXBuildFile; fileRef = AF698993D6F4430BA5A5DE4D /* libc++.dylib */; };
		3B50C5BF308E4D7FBF51BAB0 /* libz.dylib in Frameworks */ = {isa = PBXBuildFile; fileRef = D7A2FD944AC54AC4BAEA7942 /* libz.dylib */; };
/* End PBXBuildFile section */

/* Begin PBXContainerItemProxy section */
		301BF534109A57CC0062928A /* PBXContainerItemProxy */ = {
			isa = PBXContainerItemProxy;
			containerPortal = 301BF52D109A57CC0062928A /* CordovaLib.xcodeproj */;
			proxyType = 2;
			remoteGlobalIDString = D2AAC07E0554694100DB518D;
			remoteInfo = CordovaLib;
		};
		301BF550109A68C00062928A /* PBXContainerItemProxy */ = {
			isa = PBXContainerItemProxy;
			containerPortal = 301BF52D109A57CC0062928A /* CordovaLib.xcodeproj */;
			proxyType = 1;
			remoteGlobalIDString = D2AAC07D0554694100DB518D;
			remoteInfo = CordovaLib;
		};
/* End PBXContainerItemProxy section */

/* Begin PBXFileReference section */
		0207DA571B56EA530066E2B4 /* Images.xcassets */ = {isa = PBXFileReference; lastKnownFileType = folder.assetcatalog; name = Images.xcassets; path = "AnyPlaceNative/Images.xcassets"; sourceTree = SOURCE_ROOT; };
		1D3623240D0F684500981E51 /* AppDelegate.h */ = {isa = PBXFileReference; fileEncoding = 4; lastKnownFileType = sourcecode.c.h; path = AppDelegate.h; sourceTree = "<group>"; };
		1D3623250D0F684500981E51 /* AppDelegate.m */ = {isa = PBXFileReference; fileEncoding = 4; lastKnownFileType = sourcecode.c.objc; path = AppDelegate.m; sourceTree = "<group>"; };
		1D6058910D05DD3D006BFB54 /* AnyPlaceNative.app */ = {isa = PBXFileReference; explicitFileType = wrapper.application; includeInIndex = 0; path = "AnyPlaceNative.app"; sourceTree = BUILT_PRODUCTS_DIR; };
		29B97316FDCFA39411CA2CEA /* main.m */ = {isa = PBXFileReference; fileEncoding = 4; lastKnownFileType = sourcecode.c.objc; path = main.m; sourceTree = "<group>"; };
		301BF52D109A57CC0062928A /* CordovaLib.xcodeproj */ = {isa = PBXFileReference; lastKnownFileType = "wrapper.pb-project"; path = CordovaLib/CordovaLib.xcodeproj; sourceTree = "<group>"; };
		301BF56E109A69640062928A /* www */ = {isa = PBXFileReference; lastKnownFileType = folder; path = www; sourceTree = SOURCE_ROOT; };
		302D95EE14D2391D003F00A1 /* MainViewController.h */ = {isa = PBXFileReference; fileEncoding = 4; lastKnownFileType = sourcecode.c.h; path = MainViewController.h; sourceTree = "<group>"; };
		302D95EF14D2391D003F00A1 /* MainViewController.m */ = {isa = PBXFileReference; fileEncoding = 4; lastKnownFileType = sourcecode.c.objc; path = MainViewController.m; sourceTree = "<group>"; };
		302D95F014D2391D003F00A1 /* MainViewController.xib */ = {isa = PBXFileReference; fileEncoding = 4; lastKnownFileType = file.xib; path = MainViewController.xib; sourceTree = "<group>"; };
		3047A50F1AB8059700498E2A /* build-debug.xcconfig */ = {isa = PBXFileReference; fileEncoding = 4; lastKnownFileType = text.xcconfig; name = "build-debug.xcconfig"; path = cordova/build-debug.xcconfig; sourceTree = SOURCE_ROOT; };
		3047A5101AB8059700498E2A /* build-release.xcconfig */ = {isa = PBXFileReference; fileEncoding = 4; lastKnownFileType = text.xcconfig; name = "build-release.xcconfig"; path = cordova/build-release.xcconfig; sourceTree = SOURCE_ROOT; };
		3047A5111AB8059700498E2A /* build.xcconfig */ = {isa = PBXFileReference; fileEncoding = 4; lastKnownFileType = text.xcconfig; name = build.xcconfig; path = cordova/build.xcconfig; sourceTree = SOURCE_ROOT; };
		32CA4F630368D1EE00C91783 /* AnyPlaceNative-Prefix.pch */ = {isa = PBXFileReference; fileEncoding = 4; lastKnownFileType = sourcecode.c.h; path = "AnyPlaceNative-Prefix.pch"; sourceTree = "<group>"; };
		6AFF5BF81D6E424B00AB3073 /* CDVLaunchScreen.storyboard */ = {isa = PBXFileReference; fileEncoding = 4; lastKnownFileType = file.storyboard; name = CDVLaunchScreen.storyboard; path = "AnyPlaceNative/CDVLaunchScreen.storyboard"; sourceTree = SOURCE_ROOT; };
		8D1107310486CEB800E47090 /* AnyPlaceNative-Info.plist */ = {isa = PBXFileReference; fileEncoding = 4; lastKnownFileType = text.plist.xml; name = "AnyPlaceNative-Info.plist"; path = "AnyPlaceNative/AnyPlaceNative-Info.plist"; plistStructureDefinitionIdentifier = "com.apple.xcode.plist.structure-definition.iphone.info-plist"; sourceTree = SOURCE_ROOT; };
		EB87FDF31871DA8E0020F90C /* www */ = {isa = PBXFileReference; lastKnownFileType = folder; name = www; path = ../../www; sourceTree = "<group>"; };
		EB87FDF41871DAF40020F90C /* config.xml */ = {isa = PBXFileReference; lastKnownFileType = text.xml; name = config.xml; path = ../../config.xml; sourceTree = "<group>"; };
		F840E1F0165FE0F500CFE078 /* config.xml */ = {isa = PBXFileReference; lastKnownFileType = text.xml; name = config.xml; path = "AnyPlaceNative/config.xml"; sourceTree = "<group>"; };
		ED33DF2A687741AEAF9F8254 /* Bridging-Header.h */ = {isa = PBXFileReference; fileEncoding = 4; lastKnownFileType = sourcecode.c.h; name = "Bridging-Header.h"; path = "Bridging-Header.h"; sourceTree = "<group>"; };
		79CFC719407D4138B9E1C10B /* WTWikitudePlugin.m */ = {isa = PBXFileReference; name = "WTWikitudePlugin.m"; path = "com.wikitude.phonegap.WikitudePlugin/WTWikitudePlugin.m"; sourceTree = "<group>"; fileEncoding = 4; lastKnownFileType = sourcecode.c.objc; explicitFileType = undefined; includeInIndex = 0; };
		2409AD7704E149AA90B7FCF9 /* WTARViewController.m */ = {isa = PBXFileReference; name = "WTARViewController.m"; path = "com.wikitude.phonegap.WikitudePlugin/WTARViewController.m"; sourceTree = "<group>"; fileEncoding = 4; lastKnownFileType = sourcecode.c.objc; explicitFileType = undefined; includeInIndex = 0; };
		9458A8C893BA46B090C922C4 /* libWikitudeSDK.a */ = {isa = PBXFileReference; name = "libWikitudeSDK.a"; path = "AnyPlaceNative/Plugins/com.wikitude.phonegap.WikitudePlugin/libWikitudeSDK.a"; sourceTree = "<group>"; fileEncoding = undefined; lastKnownFileType = archive.ar; explicitFileType = undefined; includeInIndex = 0; };
		91401D4807E146DF8D60EBC2 /* libWikitudeSDK-simulator.a */ = {isa = PBXFileReference; name = "libWikitudeSDK-simulator.a"; path = "AnyPlaceNative/Plugins/com.wikitude.phonegap.WikitudePlugin/libWikitudeSDK-simulator.a"; sourceTree = "<group>"; fileEncoding = undefined; lastKnownFileType = archive.ar; explicitFileType = undefined; includeInIndex = 0; };
		EE9DDEE56320483CAF95EB59 /* WTWikitudePlugin.h */ = {isa = PBXFileReference; name = "WTWikitudePlugin.h"; path = "com.wikitude.phonegap.WikitudePlugin/WTWikitudePlugin.h"; sourceTree = "<group>"; fileEncoding = 4; lastKnownFileType = sourcecode.c.h; explicitFileType = undefined; includeInIndex = 0; };
		88631D443F214AC5BA570C08 /* WTARViewController.h */ = {isa = PBXFileReference; name = "WTARViewController.h"; path = "com.wikitude.phonegap.WikitudePlugin/WTARViewController.h"; sourceTree = "<group>"; fileEncoding = 4; lastKnownFileType = sourcecode.c.h; explicitFileType = undefined; includeInIndex = 0; };
		837F3EC4DD3A473FA7083625 /* WikitudeSDK.h */ = {isa = PBXFileReference; name = "WikitudeSDK.h"; path = "com.wikitude.phonegap.WikitudePlugin/WikitudeSDK.h"; sourceTree = "<group>"; fileEncoding = 4; lastKnownFileType = sourcecode.c.h; explicitFileType = undefined; includeInIndex = 0; };
		E2C529CF87E942B689ABC106 /* WTArchitectView.h */ = {isa = PBXFileReference; name = "WTArchitectView.h"; path = "com.wikitude.phonegap.WikitudePlugin/WTArchitectView.h"; sourceTree = "<group>"; fileEncoding = 4; lastKnownFileType = sourcecode.c.h; explicitFileType = undefined; includeInIndex = 0; };
		91EC5C3B284A419C961E6CA2 /* WTNavigation.h */ = {isa = PBXFileReference; name = "WTNavigation.h"; path = "com.wikitude.phonegap.WikitudePlugin/WTNavigation.h"; sourceTree = "<group>"; fileEncoding = 4; lastKnownFileType = sourcecode.c.h; explicitFileType = undefined; includeInIndex = 0; };
		3E46384556204003A8DC7372 /* WTStartupConfiguration.h */ = {isa = PBXFileReference; name = "WTStartupConfiguration.h"; path = "com.wikitude.phonegap.WikitudePlugin/WTStartupConfiguration.h"; sourceTree = "<group>"; fileEncoding = 4; lastKnownFileType = sourcecode.c.h; explicitFileType = undefined; includeInIndex = 0; };
		20DD2416C4364EAA8E1C66DB /* WTArchitectStartupConfiguration.h */ = {isa = PBXFileReference; name = "WTArchitectStartupConfiguration.h"; path = "com.wikitude.phonegap.WikitudePlugin/WTArchitectStartupConfiguration.h"; sourceTree = "<group>"; fileEncoding = 4; lastKnownFileType = sourcecode.c.h; explicitFileType = undefined; includeInIndex = 0; };
		580B61E119744581825AB3CA /* WTSDKBuildInformation.h */ = {isa = PBXFileReference; name = "WTSDKBuildInformation.h"; path = "com.wikitude.phonegap.WikitudePlugin/WTSDKBuildInformation.h"; sourceTree = "<group>"; fileEncoding = 4; lastKnownFileType = sourcecode.c.h; explicitFileType = undefined; includeInIndex = 0; };
		9343228169C24BEFAC2E5554 /* WTArchitectViewDebugDelegate.h */ = {isa = PBXFileReference; name = "WTArchitectViewDebugDelegate.h"; path = "com.wikitude.phonegap.WikitudePlugin/WTArchitectViewDebugDelegate.h"; sourceTree = "<group>"; fileEncoding = 4; lastKnownFileType = sourcecode.c.h; explicitFileType = undefined; includeInIndex = 0; };
		AB3F514928F54E9EAA69F64D /* WTAuthorizationRequestManager.h */ = {isa = PBXFileReference; name = "WTAuthorizationRequestManager.h"; path = "com.wikitude.phonegap.WikitudePlugin/WTAuthorizationRequestManager.h"; sourceTree = "<group>"; fileEncoding = 4; lastKnownFileType = sourcecode.c.h; explicitFileType = undefined; includeInIndex = 0; };
		0D0B4807A4524FA2AA50F3C7 /* WTWikitudeTypes.h */ = {isa = PBXFileReference; name = "WTWikitudeTypes.h"; path = "com.wikitude.phonegap.WikitudePlugin/WTWikitudeTypes.h"; sourceTree = "<group>"; fileEncoding = 4; lastKnownFileType = sourcecode.c.h; explicitFileType = undefined; includeInIndex = 0; };
		B3311B7D809E42B79F556FA4 /* Accelerate.framework */ = {isa = PBXFileReference; name = "Accelerate.framework"; path = "System/Library/Frameworks/Accelerate.framework"; sourceTree = SDKROOT; fileEncoding = undefined; lastKnownFileType = wrapper.framework; explicitFileType = undefined; includeInIndex = 0; };
		78580DD02B8345E3B64686BB /* AVFoundation.framework */ = {isa = PBXFileReference; name = "AVFoundation.framework"; path = "System/Library/Frameworks/AVFoundation.framework"; sourceTree = SDKROOT; fileEncoding = undefined; lastKnownFileType = wrapper.framework; explicitFileType = undefined; includeInIndex = 0; };
		ED6AFED54B984BCEA5E26959 /* AVKit.framework */ = {isa = PBXFileReference; name = "AVKit.framework"; path = "System/Library/Frameworks/AVKit.framework"; sourceTree = SDKROOT; fileEncoding = undefined; lastKnownFileType = wrapper.framework; explicitFileType = undefined; includeInIndex = 0; };
		A210E293F1D64171869A122D /* CFNetwork.framework */ = {isa = PBXFileReference; name = "CFNetwork.framework"; path = "System/Library/Frameworks/CFNetwork.framework"; sourceTree = SDKROOT; fileEncoding = undefined; lastKnownFileType = wrapper.framework; explicitFileType = undefined; includeInIndex = 0; };
		DBF9730DE0EE40E48F454BF3 /* CoreLocation.framework */ = {isa = PBXFileReference; name = "CoreLocation.framework"; path = "System/Library/Frameworks/CoreLocation.framework"; sourceTree = SDKROOT; fileEncoding = undefined; lastKnownFileType = wrapper.framework; explicitFileType = undefined; includeInIndex = 0; };
		8D9CA70379E749FF804CEA91 /* CoreMedia.framework */ = {isa = PBXFileReference; name = "CoreMedia.framework"; path = "System/Library/Frameworks/CoreMedia.framework"; sourceTree = SDKROOT; fileEncoding = undefined; lastKnownFileType = wrapper.framework; explicitFileType = undefined; includeInIndex = 0; };
		15EA202733F8428C8ABE8533 /* CoreMotion.framework */ = {isa = PBXFileReference; name = "CoreMotion.framework"; path = "System/Library/Frameworks/CoreMotion.framework"; sourceTree = SDKROOT; fileEncoding = undefined; lastKnownFileType = wrapper.framework; explicitFileType = undefined; includeInIndex = 0; };
		F760BFE5A5D040F3BD291D85 /* CoreText.framework */ = {isa = PBXFileReference; name = "CoreText.framework"; path = "System/Library/Frameworks/CoreText.framework"; sourceTree = SDKROOT; fileEncoding = undefined; lastKnownFileType = wrapper.framework; explicitFileType = undefined; includeInIndex = 0; };
		C3D5F73A2D0E493785E19F8D /* CoreVideo.framework */ = {isa = PBXFileReference; name = "CoreVideo.framework"; path = "System/Library/Frameworks/CoreVideo.framework"; sourceTree = SDKROOT; fileEncoding = undefined; lastKnownFileType = wrapper.framework; explicitFileType = undefined; includeInIndex = 0; };
		2DF32889E42C465784D08F41 /* Foundation.framework */ = {isa = PBXFileReference; name = "Foundation.framework"; path = "System/Library/Frameworks/Foundation.framework"; sourceTree = SDKROOT; fileEncoding = undefined; lastKnownFileType = wrapper.framework; explicitFileType = undefined; includeInIndex = 0; };
		215CA2973D3546DB841963D5 /* MediaPlayer.framework */ = {isa = PBXFileReference; name = "MediaPlayer.framework"; path = "System/Library/Frameworks/MediaPlayer.framework"; sourceTree = SDKROOT; fileEncoding = undefined; lastKnownFileType = wrapper.framework; explicitFileType = undefined; includeInIndex = 0; };
		A42EE5F109EF4215A441A23C /* OpenGLES.framework */ = {isa = PBXFileReference; name = "OpenGLES.framework"; path = "System/Library/Frameworks/OpenGLES.framework"; sourceTree = SDKROOT; fileEncoding = undefined; lastKnownFileType = wrapper.framework; explicitFileType = undefined; includeInIndex = 0; };
		315B3BBA3E384F7CB9F23400 /* Photos.framework */ = {isa = PBXFileReference; name = "Photos.framework"; path = "System/Library/Frameworks/Photos.framework"; sourceTree = SDKROOT; fileEncoding = undefined; lastKnownFileType = wrapper.framework; explicitFileType = undefined; includeInIndex = 0; };
		09AE8493B4504A44ACC6121C /* QuartzCore.framework */ = {isa = PBXFileReference; name = "QuartzCore.framework"; path = "System/Library/Frameworks/QuartzCore.framework"; sourceTree = SDKROOT; fileEncoding = undefined; lastKnownFileType = wrapper.framework; explicitFileType = undefined; includeInIndex = 0; };
		5A0AB866EBA44DE3AEF5D6CD /* SafariServices.framework */ = {isa = PBXFileReference; name = "SafariServices.framework"; path = "System/Library/Frameworks/SafariServices.framework"; sourceTree = SDKROOT; fileEncoding = undefined; lastKnownFileType = wrapper.framework; explicitFileType = undefined; includeInIndex = 0; };
		65B57C3CD84B4285948574B0 /* Security.framework */ = {isa = PBXFileReference; name = "Security.framework"; path = "System/Library/Frameworks/Security.framework"; sourceTree = SDKROOT; fileEncoding = undefined; lastKnownFileType = wrapper.framework; explicitFileType = undefined; includeInIndex = 0; };
		8824EE286CA74B479429BC4D /* SystemConfiguration.framework */ = {isa = PBXFileReference; name = "SystemConfiguration.framework"; path = "System/Library/Frameworks/SystemConfiguration.framework"; sourceTree = SDKROOT; fileEncoding = undefined; lastKnownFileType = wrapper.framework; explicitFileType = undefined; includeInIndex = 0; };
		F06561D4C2F54E08A935104A /* UIKit.framework */ = {isa = PBXFileReference; name = "UIKit.framework"; path = "System/Library/Frameworks/UIKit.framework"; sourceTree = SDKROOT; fileEncoding = undefined; lastKnownFileType = wrapper.framework; explicitFileType = undefined; includeInIndex = 0; };
		AF698993D6F4430BA5A5DE4D /* libc++.dylib */ = {isa = PBXFileReference; name = "libc++.dylib"; path = "usr/lib/libc++.dylib"; sourceTree = SDKROOT; fileEncoding = undefined; lastKnownFileType = compiled.mach-o.dylib; explicitFileType = undefined; includeInIndex = 0; };
		D7A2FD944AC54AC4BAEA7942 /* libz.dylib */ = {isa = PBXFileReference; name = "libz.dylib"; path = "usr/lib/libz.dylib"; sourceTree = SDKROOT; fileEncoding = undefined; lastKnownFileType = compiled.mach-o.dylib; explicitFileType = undefined; includeInIndex = 0; };
/* End PBXFileReference section */

/* Begin PBXFrameworksBuildPhase section */
		1D60588F0D05DD3D006BFB54 /* Frameworks */ = {
			isa = PBXFrameworksBuildPhase;
			buildActionMask = 2147483647;
			files = (
				301BF552109A68D80062928A /* libCordova.a in Frameworks */,
				BA05787237824BE8B3248633 /* libWikitudeSDK.a in Frameworks */,
				8A63E2E5DCC6482A94525EDA /* libWikitudeSDK-simulator.a in Frameworks */,
				ADD869ABFEDA409BA4E888FC /* Accelerate.framework in Frameworks */,
				BBE741031DE24181A09D630E /* AVFoundation.framework in Frameworks */,
				E3A2C9FA119F41B88E47E2E1 /* AVKit.framework in Frameworks */,
				396DC3CA6B69400C9670702A /* CFNetwork.framework in Frameworks */,
				3CFC1AC8D6D54934AD094E81 /* CoreLocation.framework in Frameworks */,
				9D98BDD8544940FA97AF5525 /* CoreMedia.framework in Frameworks */,
				3C80546D9ACE45D88919C460 /* CoreMotion.framework in Frameworks */,
				519188612061454EBD67388B /* CoreText.framework in Frameworks */,
				A505F3B1C1BF4B7CAFF8A348 /* CoreVideo.framework in Frameworks */,
				8519343F97F6428BA7D169A2 /* Foundation.framework in Frameworks */,
				AD467EE37B644657B8584E18 /* MediaPlayer.framework in Frameworks */,
				F67ED12325DC4890AF032EAD /* OpenGLES.framework in Frameworks */,
				F3BEDFF07A344EC2A3C2CC3D /* Photos.framework in Frameworks */,
				B16F123A51A94C0B94B3D947 /* QuartzCore.framework in Frameworks */,
				D95C1B0D24534103BB86476A /* SafariServices.framework in Frameworks */,
				85237867D5674DD9BF6705EA /* Security.framework in Frameworks */,
				63F5B7747EF8426688E48536 /* SystemConfiguration.framework in Frameworks */,
				B3D8820CC6344796A5E6677D /* UIKit.framework in Frameworks */,
				7C9BBA428B014CC98D0A8FB5 /* libc++.dylib in Frameworks */,
				3B50C5BF308E4D7FBF51BAB0 /* libz.dylib in Frameworks */,
			);
			runOnlyForDeploymentPostprocessing = 0;
		};
/* End PBXFrameworksBuildPhase section */

/* Begin PBXGroup section */
		080E96DDFE201D6D7F000001 /* Classes */ = {
			isa = PBXGroup;
			children = (
				302D95EE14D2391D003F00A1 /* MainViewController.h */,
				302D95EF14D2391D003F00A1 /* MainViewController.m */,
				302D95F014D2391D003F00A1 /* MainViewController.xib */,
				1D3623240D0F684500981E51 /* AppDelegate.h */,
				1D3623250D0F684500981E51 /* AppDelegate.m */,
			);
			name = Classes;
			path = "AnyPlaceNative/Classes";
			sourceTree = SOURCE_ROOT;
		};
		19C28FACFE9D520D11CA2CBB /* Products */ = {
			isa = PBXGroup;
			children = (
				1D6058910D05DD3D006BFB54 /* AnyPlaceNative.app */,
			);
			name = Products;
			sourceTree = "<group>";
		};
		29B97314FDCFA39411CA2CEA /* CustomTemplate */ = {
			isa = PBXGroup;
			children = (
				EB87FDF41871DAF40020F90C /* config.xml */,
				EB87FDF31871DA8E0020F90C /* www */,
				EB87FDF11871DA420020F90C /* Staging */,
				301BF52D109A57CC0062928A /* CordovaLib.xcodeproj */,
				080E96DDFE201D6D7F000001 /* Classes */,
				307C750510C5A3420062BCA9 /* Plugins */,
				29B97315FDCFA39411CA2CEA /* Other Sources */,
				29B97317FDCFA39411CA2CEA /* Resources */,
				29B97323FDCFA39411CA2CEA /* Frameworks */,
				19C28FACFE9D520D11CA2CBB /* Products */,
			);
			name = CustomTemplate;
			sourceTree = "<group>";
		};
		29B97315FDCFA39411CA2CEA /* Other Sources */ = {
			isa = PBXGroup;
			children = (
				32CA4F630368D1EE00C91783 /* AnyPlaceNative-Prefix.pch */,
				29B97316FDCFA39411CA2CEA /* main.m */,
				ED33DF2A687741AEAF9F8254 /* Bridging-Header.h */,
			);
			name = "Other Sources";
			path = "AnyPlaceNative";
			sourceTree = "<group>";
		};
		29B97317FDCFA39411CA2CEA /* Resources */ = {
			isa = PBXGroup;
			children = (
				0207DA571B56EA530066E2B4 /* Images.xcassets */,
				3047A50E1AB8057F00498E2A /* config */,
				8D1107310486CEB800E47090 /* AnyPlaceNative-Info.plist */,
				6AFF5BF81D6E424B00AB3073 /* CDVLaunchScreen.storyboard */,
			);
			name = Resources;
			path = "AnyPlaceNative/Resources";
			sourceTree = "<group>";
		};
		29B97323FDCFA39411CA2CEA /* Frameworks */ = {
			isa = PBXGroup;
			children = (
				9458A8C893BA46B090C922C4 /* libWikitudeSDK.a */,
				91401D4807E146DF8D60EBC2 /* libWikitudeSDK-simulator.a */,
				B3311B7D809E42B79F556FA4 /* Accelerate.framework */,
				78580DD02B8345E3B64686BB /* AVFoundation.framework */,
				ED6AFED54B984BCEA5E26959 /* AVKit.framework */,
				A210E293F1D64171869A122D /* CFNetwork.framework */,
				DBF9730DE0EE40E48F454BF3 /* CoreLocation.framework */,
				8D9CA70379E749FF804CEA91 /* CoreMedia.framework */,
				15EA202733F8428C8ABE8533 /* CoreMotion.framework */,
				F760BFE5A5D040F3BD291D85 /* CoreText.framework */,
				C3D5F73A2D0E493785E19F8D /* CoreVideo.framework */,
				2DF32889E42C465784D08F41 /* Foundation.framework */,
				215CA2973D3546DB841963D5 /* MediaPlayer.framework */,
				A42EE5F109EF4215A441A23C /* OpenGLES.framework */,
				315B3BBA3E384F7CB9F23400 /* Photos.framework */,
				09AE8493B4504A44ACC6121C /* QuartzCore.framework */,
				5A0AB866EBA44DE3AEF5D6CD /* SafariServices.framework */,
				65B57C3CD84B4285948574B0 /* Security.framework */,
				8824EE286CA74B479429BC4D /* SystemConfiguration.framework */,
				F06561D4C2F54E08A935104A /* UIKit.framework */,
				AF698993D6F4430BA5A5DE4D /* libc++.dylib */,
				D7A2FD944AC54AC4BAEA7942 /* libz.dylib */,
			);
			name = Frameworks;
			sourceTree = "<group>";
		};
		301BF52E109A57CC0062928A /* Products */ = {
			isa = PBXGroup;
			children = (
				301BF535109A57CC0062928A /* libCordova.a */,
			);
			name = Products;
			sourceTree = "<group>";
		};
		3047A50E1AB8057F00498E2A /* config */ = {
			isa = PBXGroup;
			children = (
				3047A50F1AB8059700498E2A /* build-debug.xcconfig */,
				3047A5101AB8059700498E2A /* build-release.xcconfig */,
				3047A5111AB8059700498E2A /* build.xcconfig */,
			);
			name = config;
			sourceTree = "<group>";
		};
		307C750510C5A3420062BCA9 /* Plugins */ = {
			isa = PBXGroup;
			children = (
				79CFC719407D4138B9E1C10B /* WTWikitudePlugin.m */,
				2409AD7704E149AA90B7FCF9 /* WTARViewController.m */,
				EE9DDEE56320483CAF95EB59 /* WTWikitudePlugin.h */,
				88631D443F214AC5BA570C08 /* WTARViewController.h */,
				837F3EC4DD3A473FA7083625 /* WikitudeSDK.h */,
				E2C529CF87E942B689ABC106 /* WTArchitectView.h */,
				91EC5C3B284A419C961E6CA2 /* WTNavigation.h */,
				3E46384556204003A8DC7372 /* WTStartupConfiguration.h */,
				20DD2416C4364EAA8E1C66DB /* WTArchitectStartupConfiguration.h */,
				580B61E119744581825AB3CA /* WTSDKBuildInformation.h */,
				9343228169C24BEFAC2E5554 /* WTArchitectViewDebugDelegate.h */,
				AB3F514928F54E9EAA69F64D /* WTAuthorizationRequestManager.h */,
				0D0B4807A4524FA2AA50F3C7 /* WTWikitudeTypes.h */,
			);
			name = Plugins;
			path = "AnyPlaceNative/Plugins";
			sourceTree = SOURCE_ROOT;
		};
		EB87FDF11871DA420020F90C /* Staging */ = {
			isa = PBXGroup;
			children = (
				F840E1F0165FE0F500CFE078 /* config.xml */,
				301BF56E109A69640062928A /* www */,
			);
			name = Staging;
			sourceTree = "<group>";
		};
/* End PBXGroup section */

/* Begin PBXNativeTarget section */
		1D6058900D05DD3D006BFB54 /* AnyPlaceNative */ = {
			isa = PBXNativeTarget;
			buildConfigurationList = 1D6058960D05DD3E006BFB54 /* Build configuration list for PBXNativeTarget "AnyPlaceNative" */;
			buildPhases = (
				304B58A110DAC018002A0835 /* Copy www directory */,
				1D60588D0D05DD3D006BFB54 /* Resources */,
				1D60588E0D05DD3D006BFB54 /* Sources */,
				1D60588F0D05DD3D006BFB54 /* Frameworks */,
			);
			buildRules = (
			);
			dependencies = (
				301BF551109A68C00062928A /* PBXTargetDependency */,
			);
			name = "AnyPlaceNative";
			productName = "AnyPlaceNative";
			productReference = 1D6058910D05DD3D006BFB54 /* AnyPlaceNative.app */;
			productType = "com.apple.product-type.application";
		};
/* End PBXNativeTarget section */

/* Begin PBXProject section */
		29B97313FDCFA39411CA2CEA /* Project object */ = {
			isa = PBXProject;
			attributes = {
				LastUpgradeCheck = 510;
			};
			buildConfigurationList = C01FCF4E08A954540054247B /* Build configuration list for PBXProject "__NON-CLI__" */;
			compatibilityVersion = "Xcode 3.2";
			developmentRegion = English;
			hasScannedForEncodings = 1;
			mainGroup = 29B97314FDCFA39411CA2CEA /* CustomTemplate */;
			projectDirPath = "";
			projectReferences = (
				{
					ProductGroup = 301BF52E109A57CC0062928A /* Products */;
					ProjectRef = 301BF52D109A57CC0062928A /* CordovaLib.xcodeproj */;
				},
			);
			projectRoot = "";
			targets = (
				1D6058900D05DD3D006BFB54 /* AnyPlaceNative */,
			);
		};
/* End PBXProject section */

/* Begin PBXReferenceProxy section */
		301BF535109A57CC0062928A /* libCordova.a */ = {
			isa = PBXReferenceProxy;
			fileType = archive.ar;
			path = libCordova.a;
			remoteRef = 301BF534109A57CC0062928A /* PBXContainerItemProxy */;
			sourceTree = BUILT_PRODUCTS_DIR;
		};
/* End PBXReferenceProxy section */

/* Begin PBXResourcesBuildPhase section */
		1D60588D0D05DD3D006BFB54 /* Resources */ = {
			isa = PBXResourcesBuildPhase;
			buildActionMask = 2147483647;
			files = (
				302D95F214D2391D003F00A1 /* MainViewController.xib in Resources */,
				0207DA581B56EA530066E2B4 /* Images.xcassets in Resources */,
				6AFF5BF91D6E424B00AB3073 /* CDVLaunchScreen.storyboard in Resources */,
			);
			runOnlyForDeploymentPostprocessing = 0;
		};
/* End PBXResourcesBuildPhase section */

/* Begin PBXShellScriptBuildPhase section */
		304B58A110DAC018002A0835 /* Copy www directory */ = {
			isa = PBXShellScriptBuildPhase;
			buildActionMask = 2147483647;
			files = (
			);
			inputPaths = (
			);
			name = "Copy www directory";
			outputPaths = (
			);
			runOnlyForDeploymentPostprocessing = 0;
			shellPath = /bin/sh;
			shellScript = "NODEJS_PATH=/usr/local/bin; NVM_NODE_PATH=~/.nvm/versions/node/`nvm version 2>/dev/null`/bin; N_NODE_PATH=`find /usr/local/n/versions/node/* -maxdepth 0 -type d 2>/dev/null | tail -1`/bin; XCODE_NODE_PATH=`xcode-select --print-path`/usr/share/xcs/Node/bin; PATH=$NODEJS_PATH:$NVM_NODE_PATH:$N_NODE_PATH:$XCODE_NODE_PATH:$PATH && node cordova/lib/copy-www-build-step.js";
			showEnvVarsInLog = 0;
		};
/* End PBXShellScriptBuildPhase section */

/* Begin PBXSourcesBuildPhase section */
		1D60588E0D05DD3D006BFB54 /* Sources */ = {
			isa = PBXSourcesBuildPhase;
			buildActionMask = 2147483647;
			files = (
				1D60589B0D05DD56006BFB54 /* main.m in Sources */,
				1D3623260D0F684500981E51 /* AppDelegate.m in Sources */,
				302D95F114D2391D003F00A1 /* MainViewController.m in Sources */,
				6D8F20317588460F89754209 /* WTWikitudePlugin.m in Sources */,
				76CC7CC508D7426C8858D531 /* WTARViewController.m in Sources */,
			);
			runOnlyForDeploymentPostprocessing = 0;
		};
/* End PBXSourcesBuildPhase section */

/* Begin PBXTargetDependency section */
		301BF551109A68C00062928A /* PBXTargetDependency */ = {
			isa = PBXTargetDependency;
			name = CordovaLib;
			targetProxy = 301BF550109A68C00062928A /* PBXContainerItemProxy */;
		};
/* End PBXTargetDependency section */

/* Begin XCBuildConfiguration section */
		1D6058940D05DD3E006BFB54 /* Debug */ = {
			isa = XCBuildConfiguration;
			baseConfigurationReference = 3047A50F1AB8059700498E2A /* build-debug.xcconfig */;
			buildSettings = {
				ALWAYS_SEARCH_USER_PATHS = NO;
				ASSETCATALOG_COMPILER_APPICON_NAME = AppIcon;
				ASSETCATALOG_COMPILER_LAUNCHIMAGE_NAME = LaunchImage;
				CLANG_ENABLE_MODULES = YES;
				CLANG_ENABLE_OBJC_ARC = YES;
				COPY_PHASE_STRIP = NO;
				GCC_DYNAMIC_NO_PIC = NO;
				GCC_OPTIMIZATION_LEVEL = 0;
				GCC_PRECOMPILE_PREFIX_HEADER = YES;
				GCC_PREFIX_HEADER = "AnyPlaceNative/AnyPlaceNative-Prefix.pch";
				GCC_THUMB_SUPPORT = NO;
				GCC_VERSION = "";
				INFOPLIST_FILE = "AnyPlaceNative/AnyPlaceNative-Info.plist";
				IPHONEOS_DEPLOYMENT_TARGET = 9.0;
				LD_RUNPATH_SEARCH_PATHS = "@executable_path/Frameworks";
				TARGETED_DEVICE_FAMILY = "1,2";
				PRODUCT_NAME = "AnyPlaceNative";
				LIBRARY_SEARCH_PATHS = (
					"$(inherited)",
					"\"$(SRCROOT)/AnyPlaceNative/Plugins/com.wikitude.phonegap.WikitudePlugin\"",
					"\"$(SRCROOT)/AnyPlaceNative/Plugins/com.wikitude.phonegap.WikitudePlugin\"",
				);
			};
			name = Debug;
		};
		1D6058950D05DD3E006BFB54 /* Release */ = {
			isa = XCBuildConfiguration;
			baseConfigurationReference = 3047A5101AB8059700498E2A /* build-release.xcconfig */;
			buildSettings = {
				ALWAYS_SEARCH_USER_PATHS = NO;
				ASSETCATALOG_COMPILER_APPICON_NAME = AppIcon;
				ASSETCATALOG_COMPILER_LAUNCHIMAGE_NAME = LaunchImage;
				CLANG_ENABLE_MODULES = YES;
				CLANG_ENABLE_OBJC_ARC = YES;
				COPY_PHASE_STRIP = YES;
				GCC_PRECOMPILE_PREFIX_HEADER = YES;
				GCC_PREFIX_HEADER = "AnyPlaceNative/AnyPlaceNative-Prefix.pch";
				GCC_THUMB_SUPPORT = NO;
				GCC_VERSION = "";
				INFOPLIST_FILE = "AnyPlaceNative/AnyPlaceNative-Info.plist";
				IPHONEOS_DEPLOYMENT_TARGET = 9.0;
				LD_RUNPATH_SEARCH_PATHS = "@executable_path/Frameworks";
				TARGETED_DEVICE_FAMILY = "1,2";
				PRODUCT_NAME = "AnyPlaceNative";
				LIBRARY_SEARCH_PATHS = (
					"$(inherited)",
					"\"$(SRCROOT)/AnyPlaceNative/Plugins/com.wikitude.phonegap.WikitudePlugin\"",
					"\"$(SRCROOT)/AnyPlaceNative/Plugins/com.wikitude.phonegap.WikitudePlugin\"",
				);
			};
			name = Release;
		};
		C01FCF4F08A954540054247B /* Debug */ = {
			isa = XCBuildConfiguration;
			baseConfigurationReference = 3047A5111AB8059700498E2A /* build.xcconfig */;
			buildSettings = {
				CLANG_ENABLE_MODULES = YES;
				CLANG_ENABLE_OBJC_ARC = YES;
				CLANG_WARN_BOOL_CONVERSION = YES;
				CLANG_WARN_CONSTANT_CONVERSION = YES;
				CLANG_WARN_EMPTY_BODY = YES;
				CLANG_WARN_ENUM_CONVERSION = YES;
				CLANG_WARN_INT_CONVERSION = YES;
				CLANG_WARN__DUPLICATE_METHOD_MATCH = YES;
				GCC_C_LANGUAGE_STANDARD = c99;
				GCC_THUMB_SUPPORT = NO;
				GCC_VERSION = "";
				GCC_WARN_ABOUT_RETURN_TYPE = YES;
				GCC_WARN_UNDECLARED_SELECTOR = YES;
				GCC_WARN_UNINITIALIZED_AUTOS = YES;
				GCC_WARN_UNUSED_FUNCTION = YES;
				GCC_WARN_UNUSED_VARIABLE = YES;
				ONLY_ACTIVE_ARCH = YES;
				SDKROOT = iphoneos;
				SKIP_INSTALL = NO;
			};
			name = Debug;
		};
		C01FCF5008A954540054247B /* Release */ = {
			isa = XCBuildConfiguration;
			baseConfigurationReference = 3047A5111AB8059700498E2A /* build.xcconfig */;
			buildSettings = {
				CLANG_ENABLE_MODULES = YES;
				CLANG_ENABLE_OBJC_ARC = YES;
				CLANG_WARN_BOOL_CONVERSION = YES;
				CLANG_WARN_CONSTANT_CONVERSION = YES;
				CLANG_WARN_EMPTY_BODY = YES;
				CLANG_WARN_ENUM_CONVERSION = YES;
				CLANG_WARN_INT_CONVERSION = YES;
				CLANG_WARN__DUPLICATE_METHOD_MATCH = YES;
				GCC_C_LANGUAGE_STANDARD = c99;
				GCC_THUMB_SUPPORT = NO;
				GCC_VERSION = "";
				GCC_WARN_ABOUT_RETURN_TYPE = YES;
				GCC_WARN_UNDECLARED_SELECTOR = YES;
				GCC_WARN_UNINITIALIZED_AUTOS = YES;
				GCC_WARN_UNUSED_FUNCTION = YES;
				GCC_WARN_UNUSED_VARIABLE = YES;
				SDKROOT = iphoneos;
				SKIP_INSTALL = NO;
			};
			name = Release;
		};
/* End XCBuildConfiguration section */

/* Begin XCConfigurationList section */
		1D6058960D05DD3E006BFB54 /* Build configuration list for PBXNativeTarget "AnyPlaceNative" */ = {
			isa = XCConfigurationList;
			buildConfigurations = (
				1D6058940D05DD3E006BFB54 /* Debug */,
				1D6058950D05DD3E006BFB54 /* Release */,
			);
			defaultConfigurationIsVisible = 0;
			defaultConfigurationName = Release;
		};
		C01FCF4E08A954540054247B /* Build configuration list for PBXProject "__NON-CLI__" */ = {
			isa = XCConfigurationList;
			buildConfigurations = (
				C01FCF4F08A954540054247B /* Debug */,
				C01FCF5008A954540054247B /* Release */,
			);
			defaultConfigurationIsVisible = 0;
			defaultConfigurationName = Release;
		};
/* End XCConfigurationList section */
	};
	rootObject = 29B97313FDCFA39411CA2CEA /* Project object */;
}
